
Microsoft Visual Studio Solution File, Format Version 10.00
# Visual Studio 2008
Project("{2150E333-8FDC-42A3-9474-1A3956D46DE8}") = "Solution Items", "Solution Items", "{CCBF4DAC-2449-4EC9-8F4C-264D9A3967D6}"
	ProjectSection(SolutionItems) = preProject
		ATTRIBUTION.TXT = ATTRIBUTION.TXT
		CHANGELOG.txt = CHANGELOG.txt
		default.build = default.build
		INSTALL.txt = INSTALL.txt
		LICENSE.txt = LICENSE.txt
		TODO.txt = TODO.txt
		WHY.txt = WHY.txt
	EndProjectSection
EndProject
Project("{FAE04EC0-301F-11D3-BF4B-00C04F79EFBC}") = "BooLangProject", "Source\BooLangProject\BooLangProject.csproj", "{35549DBF-BC64-4D4E-904C-7AE3A35B998B}"
EndProject
Project("{FAE04EC0-301F-11D3-BF4B-00C04F79EFBC}") = "BooLangService", "Source\BooLangService\BooLangService.csproj", "{947EAB0F-FEAE-4D39-B08B-55CC0C84BE07}"
EndProject
Project("{FAE04EC0-301F-11D3-BF4B-00C04F79EFBC}") = "BooLangStudio", "Source\BooLangStudio\BooLangStudio.csproj", "{F269FE5C-0B4B-4DD9-B8CC-46856C434DB3}"
EndProject
Project("{FAE04EC0-301F-11D3-BF4B-00C04F79EFBC}") = "BooLangStudioSpecs", "Source\BooLangStudioSpecs\BooLangStudioSpecs.csproj", "{80136D9A-B3E5-47D6-98A7-6B926FCFFD20}"
EndProject
Global
	GlobalSection(SolutionConfigurationPlatforms) = preSolution
		Debug|Any CPU = Debug|Any CPU
		Release|Any CPU = Release|Any CPU
	EndGlobalSection
	GlobalSection(ProjectConfigurationPlatforms) = postSolution
		{35549DBF-BC64-4D4E-904C-7AE3A35B998B}.Debug|Any CPU.ActiveCfg = Debug|Any CPU
		{35549DBF-BC64-4D4E-904C-7AE3A35B998B}.Debug|Any CPU.Build.0 = Debug|Any CPU
		{35549DBF-BC64-4D4E-904C-7AE3A35B998B}.Release|Any CPU.ActiveCfg = Release|Any CPU
		{35549DBF-BC64-4D4E-904C-7AE3A35B998B}.Release|Any CPU.Build.0 = Release|Any CPU
		{947EAB0F-FEAE-4D39-B08B-55CC0C84BE07}.Debug|Any CPU.ActiveCfg = Debug|Any CPU
		{947EAB0F-FEAE-4D39-B08B-55CC0C84BE07}.Debug|Any CPU.Build.0 = Debug|Any CPU
		{947EAB0F-FEAE-4D39-B08B-55CC0C84BE07}.Release|Any CPU.ActiveCfg = Release|Any CPU
		{947EAB0F-FEAE-4D39-B08B-55CC0C84BE07}.Release|Any CPU.Build.0 = Release|Any CPU
		{F269FE5C-0B4B-4DD9-B8CC-46856C434DB3}.Debug|Any CPU.ActiveCfg = Debug|Any CPU
		{F269FE5C-0B4B-4DD9-B8CC-46856C434DB3}.Debug|Any CPU.Build.0 = Debug|Any CPU
		{F269FE5C-0B4B-4DD9-B8CC-46856C434DB3}.Release|Any CPU.ActiveCfg = Release|Any CPU
		{F269FE5C-0B4B-4DD9-B8CC-46856C434DB3}.Release|Any CPU.Build.0 = Release|Any CPU
		{80136D9A-B3E5-47D6-98A7-6B926FCFFD20}.Debug|Any CPU.ActiveCfg = Debug|Any CPU
		{80136D9A-B3E5-47D6-98A7-6B926FCFFD20}.Debug|Any CPU.Build.0 = Debug|Any CPU
		{80136D9A-B3E5-47D6-98A7-6B926FCFFD20}.Release|Any CPU.ActiveCfg = Release|Any CPU
		{80136D9A-B3E5-47D6-98A7-6B926FCFFD20}.Release|Any CPU.Build.0 = Release|Any CPU
	EndGlobalSection
	GlobalSection(SolutionProperties) = preSolution
		HideSolutionNode = FALSE
	EndGlobalSection
	GlobalSection(NestedProjects) = preSolution
		{35549DBF-BC64-4D4E-904C-7AE3A35B998B} = {CCBF4DAC-2449-4EC9-8F4C-264D9A3967D6}
		{947EAB0F-FEAE-4D39-B08B-55CC0C84BE07} = {CCBF4DAC-2449-4EC9-8F4C-264D9A3967D6}
		{F269FE5C-0B4B-4DD9-B8CC-46856C434DB3} = {CCBF4DAC-2449-4EC9-8F4C-264D9A3967D6}
		{80136D9A-B3E5-47D6-98A7-6B926FCFFD20} = {CCBF4DAC-2449-4EC9-8F4C-264D9A3967D6}
	EndGlobalSection
EndGlobal
